
Microsoft Visual Studio Solution File, Format Version 12.00
# Visual Studio 15
VisualStudioVersion = 15.0.27428.2015
MinimumVisualStudioVersion = 10.0.40219.1
Project("{FAE04EC0-301F-11D3-BF4B-00C04F79EFBC}") = "RX_THING", "RX_THING\RX_THING.csproj", "{63494396-C961-4D3D-9F08-FFE060BB1052}"
EndProject
Project("{FAE04EC0-301F-11D3-BF4B-00C04F79EFBC}") = "RX_THINGTests", "RX_THINGTests\RX_THINGTests.csproj", "{AB63D7F2-8F31-46FE-9EC4-8AB5D814C9AA}"
EndProject
Global
	GlobalSection(SolutionConfigurationPlatforms) = preSolution
		Debug|Any CPU = Debug|Any CPU
		Release|Any CPU = Release|Any CPU
	EndGlobalSection
	GlobalSection(ProjectConfigurationPlatforms) = postSolution
		{63494396-C961-4D3D-9F08-FFE060BB1052}.Debug|Any CPU.ActiveCfg = Debug|Any CPU
		{63494396-C961-4D3D-9F08-FFE060BB1052}.Debug|Any CPU.Build.0 = Debug|Any CPU
		{63494396-C961-4D3D-9F08-FFE060BB1052}.Release|Any CPU.ActiveCfg = Release|Any CPU
		{63494396-C961-4D3D-9F08-FFE060BB1052}.Release|Any CPU.Build.0 = Release|Any CPU
		{AB63D7F2-8F31-46FE-9EC4-8AB5D814C9AA}.Debug|Any CPU.ActiveCfg = Debug|Any CPU
		{AB63D7F2-8F31-46FE-9EC4-8AB5D814C9AA}.Debug|Any CPU.Build.0 = Debug|Any CPU
		{AB63D7F2-8F31-46FE-9EC4-8AB5D814C9AA}.Release|Any CPU.ActiveCfg = Release|Any CPU
		{AB63D7F2-8F31-46FE-9EC4-8AB5D814C9AA}.Release|Any CPU.Build.0 = Release|Any CPU
	EndGlobalSection
	GlobalSection(SolutionProperties) = preSolution
		HideSolutionNode = FALSE
	EndGlobalSection
	GlobalSection(ExtensibilityGlobals) = postSolution
		SolutionGuid = {97AD32FC-86B7-4F0C-80E3-DDCBA1459420}
	EndGlobalSection
EndGlobal
